{
  "name": "pick-ecosystem-live",
  "version": "0.0.0",
  "lockfileVersion": 3,
  "requires": true,
  "packages": {
    "": {
      "name": "pick-ecosystem-live",
      "version": "0.0.0",
      "license": "MIT",
      "dependencies": {
        "@zakkster/lite-di-container": "2.2.1",
        "@zakkster/lite-di-cron": "1.0.0",
        "@zakkster/lite-di-event-bus": "1.1.0",
        "@zakkster/lite-di-graph": "1.0.0",
        "@zakkster/lite-di-health": "1.0.0",
        "@zakkster/lite-di-orchestrator": "1.0.0",
        "@zakkster/lite-di-strategies": "1.0.0",
        "@zakkster/lite-di-supervisor": "1.0.0",
        "@zakkster/lite-pick": "1.1.0",
        "@zakkster/lite-signal": "1.5.2",
        "@zakkster/lite-sketch": "1.1.2",
        "@zakkster/lite-statechart": "1.1.0",
        "@zakkster/lite-worker": "1.4.0",
        "@zakkster/lite-worker-pool": "1.1.0"
      },
      "devDependencies": {
        "@zakkster/lite-gc-profiler": "1.16.0",
        "@zakkster/lite-leak": "1.10.0"
      },
      "engines": {
        "node": ">=22"
      }
    },
    "node_modules/@zakkster/lite-cleanup": {
      "version": "1.1.0",
      "resolved": "https://registry.npmjs.org/@zakkster/lite-cleanup/-/lite-cleanup-1.1.0.tgz",
      "integrity": "sha512-V92TwaQ+ZexGRHeKu8qgmqTSAcNet1WlPg8qjWg7BeOSUPn6cg0Nb1SPFXkAMbQ27lPyYnNm0DraqvhVUGxjDg==",
      "dev": true,
      "license": "MIT",
      "engines": {
        "node": ">=20.0.0"
      },
      "funding": {
        "type": "github",
        "url": "https://github.com/sponsors/PeshoVurtoleta"
      }
    },
    "node_modules/@zakkster/lite-di-container": {
      "version": "2.2.1",
      "resolved": "https://registry.npmjs.org/@zakkster/lite-di-container/-/lite-di-container-2.2.1.tgz",
      "integrity": "sha512-VfmrJqCDUvSPM6HOncop7xnwtaq9Jssru3JuUV1Cz3N9sWsSwfywwyFDtpHjjw8Fkjv57XnNQcFrjnkt5a24+w==",
      "license": "MIT",
      "engines": {
        "node": ">=18"
      },
      "funding": {
        "type": "github",
        "url": "https://github.com/sponsors/PeshoVurtoleta"
      }
    },
    "node_modules/@zakkster/lite-di-cron": {
      "version": "1.0.0",
      "resolved": "https://registry.npmjs.org/@zakkster/lite-di-cron/-/lite-di-cron-1.0.0.tgz",
      "integrity": "sha512-NKWnb/sWbIyZhCviZELFVQDQuXRCdwkv42GOsoDmt6dhIQgPlAoE1cU5DjnyuI2cCpXyPBTwnH+YIsXJtchF1w==",
      "license": "MIT",
      "engines": {
        "node": ">=18"
      },
      "funding": {
        "type": "github",
        "url": "https://github.com/sponsors/PeshoVurtoleta"
      },
      "peerDependencies": {
        "@zakkster/lite-di-container": ">=2.0.0"
      }
    },
    "node_modules/@zakkster/lite-di-event-bus": {
      "version": "1.1.0",
      "resolved": "https://registry.npmjs.org/@zakkster/lite-di-event-bus/-/lite-di-event-bus-1.1.0.tgz",
      "integrity": "sha512-mmsW15UXfusFOqHkz83u8EIPRQSqjYN8dVCplHL25aeo7BLnO3xF1u8ZS3FAhzyP8fvoj3WyWtMp7qK9fM0B9g==",
      "license": "MIT",
      "engines": {
        "node": ">=18"
      },
      "funding": {
        "type": "github",
        "url": "https://github.com/sponsors/PeshoVurtoleta"
      },
      "peerDependencies": {
        "@zakkster/lite-di-container": ">=2.0.0"
      }
    },
    "node_modules/@zakkster/lite-di-graph": {
      "version": "1.0.0",
      "resolved": "https://registry.npmjs.org/@zakkster/lite-di-graph/-/lite-di-graph-1.0.0.tgz",
      "integrity": "sha512-X36AZh6twSE9jgRNLsl/9PD9ANAmKxzvdzo/D8EzH3GHqhC6rIFxdjJHnKt3e8jKyk3ZO6gqnOiDrA1iXf1UXQ==",
      "license": "MIT",
      "engines": {
        "node": ">=18"
      },
      "funding": {
        "type": "github",
        "url": "https://github.com/sponsors/PeshoVurtoleta"
      },
      "peerDependencies": {
        "@zakkster/lite-di-container": ">=2.1.0"
      }
    },
    "node_modules/@zakkster/lite-di-health": {
      "version": "1.0.0",
      "resolved": "https://registry.npmjs.org/@zakkster/lite-di-health/-/lite-di-health-1.0.0.tgz",
      "integrity": "sha512-J5DVDNv5C+IXuXlar/RpfY0X96ELgRf2P2v3LerXy/Fwdn9y9gG1Ztd+VVQeRpQAwl8HVW1ZtqXF2NKd7w2nuQ==",
      "license": "MIT",
      "engines": {
        "node": ">=18"
      },
      "funding": {
        "type": "github",
        "url": "https://github.com/sponsors/PeshoVurtoleta"
      }
    },
    "node_modules/@zakkster/lite-di-orchestrator": {
      "version": "1.0.0",
      "resolved": "https://registry.npmjs.org/@zakkster/lite-di-orchestrator/-/lite-di-orchestrator-1.0.0.tgz",
      "integrity": "sha512-3c/mZN4FCMlaofkyRbORdS4HQxOMwUTzK7WQhzfK27rt9PDU12as2KnQstBWH/S4I/Oy+92q4P0XBjON0hSdeA==",
      "license": "MIT",
      "engines": {
        "node": ">=18"
      },
      "funding": {
        "type": "github",
        "url": "https://github.com/sponsors/PeshoVurtoleta"
      }
    },
    "node_modules/@zakkster/lite-di-strategies": {
      "version": "1.0.0",
      "resolved": "https://registry.npmjs.org/@zakkster/lite-di-strategies/-/lite-di-strategies-1.0.0.tgz",
      "integrity": "sha512-+HWS3eF2nguK2cbrw3K1rOBy+WzzNHSsPP4hCKc81wqRP+S/wqW3uy+zD7o+QqpGL4LBmYOnpYdu+HeEnhhjwg==",
      "license": "MIT",
      "engines": {
        "node": ">=18"
      },
      "funding": {
        "type": "github",
        "url": "https://github.com/sponsors/PeshoVurtoleta"
      }
    },
    "node_modules/@zakkster/lite-di-supervisor": {
      "version": "1.0.0",
      "resolved": "https://registry.npmjs.org/@zakkster/lite-di-supervisor/-/lite-di-supervisor-1.0.0.tgz",
      "integrity": "sha512-glj3DtrOhxBQzijf++Uqd2k6Bu1txMYtoxELCiHJYQ3XeUhO5R9G7LJciRYrEhwO+HvIbRuNg+HsNYvkzaxavA==",
      "license": "MIT",
      "engines": {
        "node": ">=18"
      },
      "funding": {
        "type": "github",
        "url": "https://github.com/sponsors/PeshoVurtoleta"
      },
      "peerDependencies": {
        "@zakkster/lite-di-container": ">=2.2.0"
      }
    },
    "node_modules/@zakkster/lite-gc-profiler": {
      "version": "1.16.0",
      "resolved": "https://registry.npmjs.org/@zakkster/lite-gc-profiler/-/lite-gc-profiler-1.16.0.tgz",
      "integrity": "sha512-TMObsfiVj9dMqUKROSCPIA7RbjvHgXH9Nvh6HpRBTqbrrWUedSfq2L41iD7o5NGg4OdHq7yP+xmbd3SoKJ97tg==",
      "dev": true,
      "license": "MIT",
      "bin": {
        "lite-gc-gate": "bin/LiteGcGate.mjs"
      },
      "engines": {
        "node": ">=18"
      },
      "funding": {
        "type": "github",
        "url": "https://github.com/sponsors/PeshoVurtoleta"
      }
    },
    "node_modules/@zakkster/lite-leak": {
      "version": "1.10.0",
      "resolved": "https://registry.npmjs.org/@zakkster/lite-leak/-/lite-leak-1.10.0.tgz",
      "integrity": "sha512-zzw5cmGuoPVhYwaULdkeDyQB1/G+N0fyLaBoBfve8tvD4LAW+919R1Q9qYpJ1+yS1ExopVDZq3t7BIk1ER+C4g==",
      "dev": true,
      "license": "MIT",
      "dependencies": {
        "@zakkster/lite-cleanup": "^1.0.0"
      },
      "engines": {
        "node": ">=20.0.0"
      },
      "funding": {
        "type": "github",
        "url": "https://github.com/sponsors/PeshoVurtoleta"
      },
      "peerDependencies": {
        "@zakkster/lite-signal": ">=1.5.0-beta.3 <2.0.0"
      }
    },
    "node_modules/@zakkster/lite-pick": {
      "version": "1.1.0",
      "resolved": "https://registry.npmjs.org/@zakkster/lite-pick/-/lite-pick-1.1.0.tgz",
      "integrity": "sha512-xNNVjYCt0o/pwR3qnFMjdkEaBNOmlOqTgTkoOnPKoXlpxSqGlVLXwDtNjPaV4gfKh0Mz0uXnl60ojY5fX7evOw==",
      "license": "MIT",
      "engines": {
        "node": ">=18"
      },
      "funding": {
        "type": "github",
        "url": "https://github.com/sponsors/PeshoVurtoleta"
      }
    },
    "node_modules/@zakkster/lite-signal": {
      "version": "1.5.2",
      "resolved": "https://registry.npmjs.org/@zakkster/lite-signal/-/lite-signal-1.5.2.tgz",
      "integrity": "sha512-v3Io8ADBRTbaWNMnKAdBH0dnwxY+8ZM9H+zscanH56lHzod6FuQFClIgl5Zr+fLJMkJbJox1XzBZ1W/kgWYZpw==",
      "license": "MIT",
      "engines": {
        "node": ">=18"
      },
      "funding": {
        "type": "github",
        "url": "https://github.com/sponsors/PeshoVurtoleta"
      }
    },
    "node_modules/@zakkster/lite-sketch": {
      "version": "1.1.2",
      "resolved": "https://registry.npmjs.org/@zakkster/lite-sketch/-/lite-sketch-1.1.2.tgz",
      "integrity": "sha512-BMnQLGMpENyFNmesDEVGSOVZhWgwlfm4WPJlhTmH30jW2SPLDRFNxssfg3IHYL9xcfbOgrkNS7EKA3LiJrklVg==",
      "license": "MIT",
      "engines": {
        "node": ">=18"
      },
      "funding": {
        "type": "github",
        "url": "https://github.com/sponsors/PeshoVurtoleta"
      }
    },
    "node_modules/@zakkster/lite-statechart": {
      "version": "1.1.0",
      "resolved": "https://registry.npmjs.org/@zakkster/lite-statechart/-/lite-statechart-1.1.0.tgz",
      "integrity": "sha512-Fhszmyfcw1etug/Fjh3Lc6N+S2e7AVQo4HaMfJNMvV64Yz6HTsJpZZ7uZnLn6FH012inrBaXfdHg+2W6T3TvWA==",
      "license": "MIT",
      "engines": {
        "node": ">=18"
      },
      "funding": {
        "type": "github",
        "url": "https://github.com/sponsors/PeshoVurtoleta"
      },
      "peerDependencies": {
        "@zakkster/lite-signal": "^1.2.0"
      }
    },
    "node_modules/@zakkster/lite-worker": {
      "version": "1.4.0",
      "resolved": "https://registry.npmjs.org/@zakkster/lite-worker/-/lite-worker-1.4.0.tgz",
      "integrity": "sha512-6Rq8JH2J3k/tY+616IJNOhCj6TgqflPk3lWKPTwXeVojcdhDDxCVDp5omW7h/NG2Fj//8EmD78VghOqNBsGJ8A==",
      "license": "MIT",
      "engines": {
        "node": ">=18"
      },
      "funding": {
        "type": "github",
        "url": "https://github.com/sponsors/PeshoVurtoleta"
      }
    },
    "node_modules/@zakkster/lite-worker-pool": {
      "version": "1.1.0",
      "resolved": "https://registry.npmjs.org/@zakkster/lite-worker-pool/-/lite-worker-pool-1.1.0.tgz",
      "integrity": "sha512-l/FA+WQ2UtjWkwFFSYMIC2GQUFJ5KJB62POexeVjIXLXIGYvqlm4bUGX04ORQGAVKQ2bq3abz1znGGTAQFaotA==",
      "license": "MIT",
      "engines": {
        "node": ">=18"
      },
      "funding": {
        "type": "github",
        "url": "https://github.com/sponsors/PeshoVurtoleta"
      },
      "peerDependencies": {
        "@zakkster/lite-worker": "^1.4.0"
      }
    }
  }
}
